// !$*UTF8*$!
{
	archiveVersion = 1;
	classes = {
	};
	objectVersion = 50;
	objects = {

/* Begin PBXBuildFile section */
		DE59BCE1244142B800E12146 /* AppDelegate.swift in Sources */ = {isa = PBXBuildFile; fileRef = DE59BCE0244142B800E12146 /* AppDelegate.swift */; };
		DE59BCE3244142B800E12146 /* SceneDelegate.swift in Sources */ = {isa = PBXBuildFile; fileRef = DE59BCE2244142B800E12146 /* SceneDelegate.swift */; };
		DE59BCE5244142B800E12146 /* ContentView.swift in Sources */ = {isa = PBXBuildFile; fileRef = DE59BCE4244142B800E12146 /* ContentView.swift */; };
		DE59BCE7244142B900E12146 /* Assets.xcassets in Resources */ = {isa = PBXBuildFile; fileRef = DE59BCE6244142B900E12146 /* Assets.xcassets */; };
		DE59BCEA244142B900E12146 /* Preview Assets.xcassets in Resources */ = {isa = PBXBuildFile; fileRef = DE59BCE9244142B900E12146 /* Preview Assets.xcassets */; };
		DE59BCED244142B900E12146 /* LaunchScreen.storyboard in Resources */ = {isa = PBXBuildFile; fileRef = DE59BCEB244142B900E12146 /* LaunchScreen.storyboard */; };
		DE59BCFA24422D5400E12146 /* APIClient.swift in Sources */ = {isa = PBXBuildFile; fileRef = DE59BCF924422D5400E12146 /* APIClient.swift */; };
		DE59BCFD2442313600E12146 /* SummaryClient.swift in Sources */ = {isa = PBXBuildFile; fileRef = DE59BCFC2442313600E12146 /* SummaryClient.swift */; };
		DE59BD02244256BC00E12146 /* Summary.swift in Sources */ = {isa = PBXBuildFile; fileRef = DE59BD01244256BC00E12146 /* Summary.swift */; };
		DE59BD052442571300E12146 /* Country.swift in Sources */ = {isa = PBXBuildFile; fileRef = DE59BD042442571300E12146 /* Country.swift */; };
		DE59BD08244257BC00E12146 /* Global.swift in Sources */ = {isa = PBXBuildFile; fileRef = DE59BD07244257BC00E12146 /* Global.swift */; };
		DE59BD0B2442584400E12146 /* SummaryError.swift in Sources */ = {isa = PBXBuildFile; fileRef = DE59BD0A2442584400E12146 /* SummaryError.swift */; };
		DE59BD0E24425B9700E12146 /* Utilities.swift in Sources */ = {isa = PBXBuildFile; fileRef = DE59BD0D24425B9700E12146 /* Utilities.swift */; };
		DE59BD1224425C2800E12146 /* SummaryViewModel.swift in Sources */ = {isa = PBXBuildFile; fileRef = DE59BD1124425C2800E12146 /* SummaryViewModel.swift */; };
		DE8FF9012443C12B00011FC5 /* NumberFormatterExtensions.swift in Sources */ = {isa = PBXBuildFile; fileRef = DE8FF9002443C12B00011FC5 /* NumberFormatterExtensions.swift */; };
/* End PBXBuildFile section */

/* Begin PBXFileReference section */
		DE59BCDD244142B800E12146 /* Covid Spread World.app */ = {isa = PBXFileReference; explicitFileType = wrapper.application; includeInIndex = 0; path = "Covid Spread World.app"; sourceTree = BUILT_PRODUCTS_DIR; };
		DE59BCE0244142B800E12146 /* AppDelegate.swift */ = {isa = PBXFileReference; lastKnownFileType = sourcecode.swift; path = AppDelegate.swift; sourceTree = "<group>"; };
		DE59BCE2244142B800E12146 /* SceneDelegate.swift */ = {isa = PBXFileReference; lastKnownFileType = sourcecode.swift; path = SceneDelegate.swift; sourceTree = "<group>"; };
		DE59BCE4244142B800E12146 /* ContentView.swift */ = {isa = PBXFileReference; lastKnownFileType = sourcecode.swift; path = ContentView.swift; sourceTree = "<group>"; };
		DE59BCE6244142B900E12146 /* Assets.xcassets */ = {isa = PBXFileReference; lastKnownFileType = folder.assetcatalog; path = Assets.xcassets; sourceTree = "<group>"; };
		DE59BCE9244142B900E12146 /* Preview Assets.xcassets */ = {isa = PBXFileReference; lastKnownFileType = folder.assetcatalog; path = "Preview Assets.xcassets"; sourceTree = "<group>"; };
		DE59BCEC244142B900E12146 /* Base */ = {isa = PBXFileReference; lastKnownFileType = file.storyboard; name = Base; path = Base.lproj/LaunchScreen.storyboard; sourceTree = "<group>"; };
		DE59BCEE244142B900E12146 /* Info.plist */ = {isa = PBXFileReference; lastKnownFileType = text.plist.xml; path = Info.plist; sourceTree = "<group>"; };
		DE59BCF924422D5400E12146 /* APIClient.swift */ = {isa = PBXFileReference; lastKnownFileType = sourcecode.swift; path = APIClient.swift; sourceTree = "<group>"; };
		DE59BCFC2442313600E12146 /* SummaryClient.swift */ = {isa = PBXFileReference; lastKnownFileType = sourcecode.swift; path = SummaryClient.swift; sourceTree = "<group>"; };
		DE59BD01244256BC00E12146 /* Summary.swift */ = {isa = PBXFileReference; lastKnownFileType = sourcecode.swift; path = Summary.swift; sourceTree = "<group>"; };
		DE59BD042442571300E12146 /* Country.swift */ = {isa = PBXFileReference; lastKnownFileType = sourcecode.swift; path = Country.swift; sourceTree = "<group>"; };
		DE59BD07244257BC00E12146 /* Global.swift */ = {isa = PBXFileReference; lastKnownFileType = sourcecode.swift; path = Global.swift; sourceTree = "<group>"; };
		DE59BD0A2442584400E12146 /* SummaryError.swift */ = {isa = PBXFileReference; lastKnownFileType = sourcecode.swift; path = SummaryError.swift; sourceTree = "<group>"; };
		DE59BD0D24425B9700E12146 /* Utilities.swift */ = {isa = PBXFileReference; lastKnownFileType = sourcecode.swift; path = Utilities.swift; sourceTree = "<group>"; };
		DE59BD1124425C2800E12146 /* SummaryViewModel.swift */ = {isa = PBXFileReference; lastKnownFileType = sourcecode.swift; path = SummaryViewModel.swift; sourceTree = "<group>"; };
		DE8FF9002443C12B00011FC5 /* NumberFormatterExtensions.swift */ = {isa = PBXFileReference; lastKnownFileType = sourcecode.swift; path = NumberFormatterExtensions.swift; sourceTree = "<group>"; };
/* End PBXFileReference section */

/* Begin PBXFrameworksBuildPhase section */
		DE59BCDA244142B800E12146 /* Frameworks */ = {
			isa = PBXFrameworksBuildPhase;
			buildActionMask = 2147483647;
			files = (
			);
			runOnlyForDeploymentPostprocessing = 0;
		};
/* End PBXFrameworksBuildPhase section */

/* Begin PBXGroup section */
		DE59BCD4244142B800E12146 = {
			isa = PBXGroup;
			children = (
				DE59BCDF244142B800E12146 /* Covid Spread World */,
				DE59BCDE244142B800E12146 /* Products */,
			);
			sourceTree = "<group>";
		};
		DE59BCDE244142B800E12146 /* Products */ = {
			isa = PBXGroup;
			children = (
				DE59BCDD244142B800E12146 /* Covid Spread World.app */,
			);
			name = Products;
			sourceTree = "<group>";
		};
		DE59BCDF244142B800E12146 /* Covid Spread World */ = {
			isa = PBXGroup;
			children = (
				DE59BD0F24425C0B00E12146 /* ViewModel */,
				DE59BD0C24425B8F00E12146 /* Utilities */,
				DE59BCFE2442511300E12146 /* Domain */,
				DE59BCF724422D2800E12146 /* API */,
				DE59BCF624422C1200E12146 /* View */,
				DE59BCF524422C0400E12146 /* AppDelegate */,
				DE59BCF4244142C300E12146 /* Resources */,
				DE59BCEE244142B900E12146 /* Info.plist */,
				DE59BCE8244142B900E12146 /* Preview Content */,
			);
			path = "Covid Spread World";
			sourceTree = "<group>";
		};
		DE59BCE8244142B900E12146 /* Preview Content */ = {
			isa = PBXGroup;
			children = (
				DE59BCE9244142B900E12146 /* Preview Assets.xcassets */,
			);
			path = "Preview Content";
			sourceTree = "<group>";
		};
		DE59BCF4244142C300E12146 /* Resources */ = {
			isa = PBXGroup;
			children = (
				DE59BCE6244142B900E12146 /* Assets.xcassets */,
				DE59BCEB244142B900E12146 /* LaunchScreen.storyboard */,
			);
			path = Resources;
			sourceTree = "<group>";
		};
		DE59BCF524422C0400E12146 /* AppDelegate */ = {
			isa = PBXGroup;
			children = (
				DE59BCE0244142B800E12146 /* AppDelegate.swift */,
				DE59BCE2244142B800E12146 /* SceneDelegate.swift */,
			);
			path = AppDelegate;
			sourceTree = "<group>";
		};
		DE59BCF624422C1200E12146 /* View */ = {
			isa = PBXGroup;
			children = (
				DE59BCE4244142B800E12146 /* ContentView.swift */,
			);
			path = View;
			sourceTree = "<group>";
		};
		DE59BCF724422D2800E12146 /* API */ = {
			isa = PBXGroup;
			children = (
				DE59BCFB244230CF00E12146 /* Summary */,
				DE59BCF824422D4800E12146 /* Client */,
			);
			path = API;
			sourceTree = "<group>";
		};
		DE59BCF824422D4800E12146 /* Client */ = {
			isa = PBXGroup;
			children = (
				DE59BCF924422D5400E12146 /* APIClient.swift */,
			);
			path = Client;
			sourceTree = "<group>";
		};
		DE59BCFB244230CF00E12146 /* Summary */ = {
			isa = PBXGroup;
			children = (
				DE59BCFC2442313600E12146 /* SummaryClient.swift */,
			);
			path = Summary;
			sourceTree = "<group>";
		};
		DE59BCFE2442511300E12146 /* Domain */ = {
			isa = PBXGroup;
			children = (
				DE59BD092442582400E12146 /* Error */,
				DE59BCFF244256AE00E12146 /* Models */,
			);
			path = Domain;
			sourceTree = "<group>";
		};
		DE59BCFF244256AE00E12146 /* Models */ = {
			isa = PBXGroup;
			children = (
				DE59BD06244257B300E12146 /* Global */,
				DE59BD032442570500E12146 /* Country */,
				DE59BD00244256B300E12146 /* Summary */,
			);
			path = Models;
			sourceTree = "<group>";
		};
		DE59BD00244256B300E12146 /* Summary */ = {
			isa = PBXGroup;
			children = (
				DE59BD01244256BC00E12146 /* Summary.swift */,
			);
			path = Summary;
			sourceTree = "<group>";
		};
		DE59BD032442570500E12146 /* Country */ = {
			isa = PBXGroup;
			children = (
				DE59BD042442571300E12146 /* Country.swift */,
			);
			path = Country;
			sourceTree = "<group>";
		};
		DE59BD06244257B300E12146 /* Global */ = {
			isa = PBXGroup;
			children = (
				DE59BD07244257BC00E12146 /* Global.swift */,
			);
			path = Global;
			sourceTree = "<group>";
		};
		DE59BD092442582400E12146 /* Error */ = {
			isa = PBXGroup;
			children = (
				DE59BD0A2442584400E12146 /* SummaryError.swift */,
			);
			path = Error;
			sourceTree = "<group>";
		};
		DE59BD0C24425B8F00E12146 /* Utilities */ = {
			isa = PBXGroup;
			children = (
				DE8FF8FE2443C11500011FC5 /* Extensions */,
				DE59BD0D24425B9700E12146 /* Utilities.swift */,
			);
			path = Utilities;
			sourceTree = "<group>";
		};
		DE59BD0F24425C0B00E12146 /* ViewModel */ = {
			isa = PBXGroup;
			children = (
				DE59BD1024425C1200E12146 /* Summary */,
			);
			path = ViewModel;
			sourceTree = "<group>";
		};
		DE59BD1024425C1200E12146 /* Summary */ = {
			isa = PBXGroup;
			children = (
				DE59BD1124425C2800E12146 /* SummaryViewModel.swift */,
			);
			path = Summary;
			sourceTree = "<group>";
		};
		DE8FF8FE2443C11500011FC5 /* Extensions */ = {
			isa = PBXGroup;
			children = (
				DE8FF8FF2443C11C00011FC5 /* NumberFormatter */,
			);
			path = Extensions;
			sourceTree = "<group>";
		};
		DE8FF8FF2443C11C00011FC5 /* NumberFormatter */ = {
			isa = PBXGroup;
			children = (
				DE8FF9002443C12B00011FC5 /* NumberFormatterExtensions.swift */,
			);
			path = NumberFormatter;
			sourceTree = "<group>";
		};
/* End PBXGroup section */

/* Begin PBXNativeTarget section */
		DE59BCDC244142B800E12146 /* Covid Spread World */ = {
			isa = PBXNativeTarget;
			buildConfigurationList = DE59BCF1244142B900E12146 /* Build configuration list for PBXNativeTarget "Covid Spread World" */;
			buildPhases = (
				DE59BCD9244142B800E12146 /* Sources */,
				DE59BCDA244142B800E12146 /* Frameworks */,
				DE59BCDB244142B800E12146 /* Resources */,
			);
			buildRules = (
			);
			dependencies = (
			);
			name = "Covid Spread World";
			productName = "Covid Spread World";
			productReference = DE59BCDD244142B800E12146 /* Covid Spread World.app */;
			productType = "com.apple.product-type.application";
		};
/* End PBXNativeTarget section */

/* Begin PBXProject section */
		DE59BCD5244142B800E12146 /* Project object */ = {
			isa = PBXProject;
			attributes = {
				LastSwiftUpdateCheck = 1140;
				LastUpgradeCheck = 1140;
				ORGANIZATIONNAME = "Fabrício Masiero";
				TargetAttributes = {
					DE59BCDC244142B800E12146 = {
						CreatedOnToolsVersion = 11.4;
					};
				};
			};
			buildConfigurationList = DE59BCD8244142B800E12146 /* Build configuration list for PBXProject "Covid Spread World" */;
			compatibilityVersion = "Xcode 9.3";
			developmentRegion = en;
			hasScannedForEncodings = 0;
			knownRegions = (
				en,
				Base,
			);
			mainGroup = DE59BCD4244142B800E12146;
			productRefGroup = DE59BCDE244142B800E12146 /* Products */;
			projectDirPath = "";
			projectRoot = "";
			targets = (
				DE59BCDC244142B800E12146 /* Covid Spread World */,
			);
		};
/* End PBXProject section */

/* Begin PBXResourcesBuildPhase section */
		DE59BCDB244142B800E12146 /* Resources */ = {
			isa = PBXResourcesBuildPhase;
			buildActionMask = 2147483647;
			files = (
				DE59BCED244142B900E12146 /* LaunchScreen.storyboard in Resources */,
				DE59BCEA244142B900E12146 /* Preview Assets.xcassets in Resources */,
				DE59BCE7244142B900E12146 /* Assets.xcassets in Resources */,
			);
			runOnlyForDeploymentPostprocessing = 0;
		};
/* End PBXResourcesBuildPhase section */

/* Begin PBXSourcesBuildPhase section */
		DE59BCD9244142B800E12146 /* Sources */ = {
			isa = PBXSourcesBuildPhase;
			buildActionMask = 2147483647;
			files = (
				DE59BD1224425C2800E12146 /* SummaryViewModel.swift in Sources */,
				DE59BD08244257BC00E12146 /* Global.swift in Sources */,
				DE59BD052442571300E12146 /* Country.swift in Sources */,
				DE59BCE1244142B800E12146 /* AppDelegate.swift in Sources */,
				DE59BCE3244142B800E12146 /* SceneDelegate.swift in Sources */,
				DE59BD0B2442584400E12146 /* SummaryError.swift in Sources */,
				DE59BCE5244142B800E12146 /* ContentView.swift in Sources */,
				DE59BCFD2442313600E12146 /* SummaryClient.swift in Sources */,
				DE59BD02244256BC00E12146 /* Summary.swift in Sources */,
				DE59BD0E24425B9700E12146 /* Utilities.swift in Sources */,
				DE59BCFA24422D5400E12146 /* APIClient.swift in Sources */,
				DE8FF9012443C12B00011FC5 /* NumberFormatterExtensions.swift in Sources */,
			);
			runOnlyForDeploymentPostprocessing = 0;
		};
/* End PBXSourcesBuildPhase section */

/* Begin PBXVariantGroup section */
		DE59BCEB244142B900E12146 /* LaunchScreen.storyboard */ = {
			isa = PBXVariantGroup;
			children = (
				DE59BCEC244142B900E12146 /* Base */,
			);
			name = LaunchScreen.storyboard;
			sourceTree = "<group>";
		};
/* End PBXVariantGroup section */

/* Begin XCBuildConfiguration section */
		DE59BCEF244142B900E12146 /* Debug */ = {
			isa = XCBuildConfiguration;
			buildSettings = {
				ALWAYS_SEARCH_USER_PATHS = NO;
				CLANG_ANALYZER_NONNULL = YES;
				CLANG_ANALYZER_NUMBER_OBJECT_CONVERSION = YES_AGGRESSIVE;
				CLANG_CXX_LANGUAGE_STANDARD = "gnu++14";
				CLANG_CXX_LIBRARY = "libc++";
				CLANG_ENABLE_MODULES = YES;
				CLANG_ENABLE_OBJC_ARC = YES;
				CLANG_ENABLE_OBJC_WEAK = YES;
				CLANG_WARN_BLOCK_CAPTURE_AUTORELEASING = YES;
				CLANG_WARN_BOOL_CONVERSION = YES;
				CLANG_WARN_COMMA = YES;
				CLANG_WARN_CONSTANT_CONVERSION = YES;
				CLANG_WARN_DEPRECATED_OBJC_IMPLEMENTATIONS = YES;
				CLANG_WARN_DIRECT_OBJC_ISA_USAGE = YES_ERROR;
				CLANG_WARN_DOCUMENTATION_COMMENTS = YES;
				CLANG_WARN_EMPTY_BODY = YES;
				CLANG_WARN_ENUM_CONVERSION = YES;
				CLANG_WARN_INFINITE_RECURSION = YES;
				CLANG_WARN_INT_CONVERSION = YES;
				CLANG_WARN_NON_LITERAL_NULL_CONVERSION = YES;
				CLANG_WARN_OBJC_IMPLICIT_RETAIN_SELF = YES;
				CLANG_WARN_OBJC_LITERAL_CONVERSION = YES;
				CLANG_WARN_OBJC_ROOT_CLASS = YES_ERROR;
				CLANG_WARN_RANGE_LOOP_ANALYSIS = YES;
				CLANG_WARN_STRICT_PROTOTYPES = YES;
				CLANG_WARN_SUSPICIOUS_MOVE = YES;
				CLANG_WARN_UNGUARDED_AVAILABILITY = YES_AGGRESSIVE;
				CLANG_WARN_UNREACHABLE_CODE = YES;
				CLANG_WARN__DUPLICATE_METHOD_MATCH = YES;
				COPY_PHASE_STRIP = NO;
				DEBUG_INFORMATION_FORMAT = dwarf;
				ENABLE_STRICT_OBJC_MSGSEND = YES;
				ENABLE_TESTABILITY = YES;
				GCC_C_LANGUAGE_STANDARD = gnu11;
				GCC_DYNAMIC_NO_PIC = NO;
				GCC_NO_COMMON_BLOCKS = YES;
				GCC_OPTIMIZATION_LEVEL = 0;
				GCC_PREPROCESSOR_DEFINITIONS = (
					"DEBUG=1",
					"$(inherited)",
				);
				GCC_WARN_64_TO_32_BIT_CONVERSION = YES;
				GCC_WARN_ABOUT_RETURN_TYPE = YES_ERROR;
				GCC_WARN_UNDECLARED_SELECTOR = YES;
				GCC_WARN_UNINITIALIZED_AUTOS = YES_AGGRESSIVE;
				GCC_WARN_UNUSED_FUNCTION = YES;
				GCC_WARN_UNUSED_VARIABLE = YES;
				IPHONEOS_DEPLOYMENT_TARGET = 13.4;
				MTL_ENABLE_DEBUG_INFO = INCLUDE_SOURCE;
				MTL_FAST_MATH = YES;
				ONLY_ACTIVE_ARCH = YES;
				SDKROOT = iphoneos;
				SWIFT_ACTIVE_COMPILATION_CONDITIONS = DEBUG;
				SWIFT_OPTIMIZATION_LEVEL = "-Onone";
			};
			name = Debug;
		};
		DE59BCF0244142B900E12146 /* Release */ = {
			isa = XCBuildConfiguration;
			buildSettings = {
				ALWAYS_SEARCH_USER_PATHS = NO;
				CLANG_ANALYZER_NONNULL = YES;
				CLANG_ANALYZER_NUMBER_OBJECT_CONVERSION = YES_AGGRESSIVE;
				CLANG_CXX_LANGUAGE_STANDARD = "gnu++14";
				CLANG_CXX_LIBRARY = "libc++";
				CLANG_ENABLE_MODULES = YES;
				CLANG_ENABLE_OBJC_ARC = YES;
				CLANG_ENABLE_OBJC_WEAK = YES;
				CLANG_WARN_BLOCK_CAPTURE_AUTORELEASING = YES;
				CLANG_WARN_BOOL_CONVERSION = YES;
				CLANG_WARN_COMMA = YES;
				CLANG_WARN_CONSTANT_CONVERSION = YES;
				CLANG_WARN_DEPRECATED_OBJC_IMPLEMENTATIONS = YES;
				CLANG_WARN_DIRECT_OBJC_ISA_USAGE = YES_ERROR;
				CLANG_WARN_DOCUMENTATION_COMMENTS = YES;
				CLANG_WARN_EMPTY_BODY = YES;
				CLANG_WARN_ENUM_CONVERSION = YES;
				CLANG_WARN_INFINITE_RECURSION = YES;
				CLANG_WARN_INT_CONVERSION = YES;
				CLANG_WARN_NON_LITERAL_NULL_CONVERSION = YES;
				CLANG_WARN_OBJC_IMPLICIT_RETAIN_SELF = YES;
				CLANG_WARN_OBJC_LITERAL_CONVERSION = YES;
				CLANG_WARN_OBJC_ROOT_CLASS = YES_ERROR;
				CLANG_WARN_RANGE_LOOP_ANALYSIS = YES;
				CLANG_WARN_STRICT_PROTOTYPES = YES;
				CLANG_WARN_SUSPICIOUS_MOVE = YES;
				CLANG_WARN_UNGUARDED_AVAILABILITY = YES_AGGRESSIVE;
				CLANG_WARN_UNREACHABLE_CODE = YES;
				CLANG_WARN__DUPLICATE_METHOD_MATCH = YES;
				COPY_PHASE_STRIP = NO;
				DEBUG_INFORMATION_FORMAT = "dwarf-with-dsym";
				ENABLE_NS_ASSERTIONS = NO;
				ENABLE_STRICT_OBJC_MSGSEND = YES;
				GCC_C_LANGUAGE_STANDARD = gnu11;
				GCC_NO_COMMON_BLOCKS = YES;
				GCC_WARN_64_TO_32_BIT_CONVERSION = YES;
				GCC_WARN_ABOUT_RETURN_TYPE = YES_ERROR;
				GCC_WARN_UNDECLARED_SELECTOR = YES;
				GCC_WARN_UNINITIALIZED_AUTOS = YES_AGGRESSIVE;
				GCC_WARN_UNUSED_FUNCTION = YES;
				GCC_WARN_UNUSED_VARIABLE = YES;
				IPHONEOS_DEPLOYMENT_TARGET = 13.4;
				MTL_ENABLE_DEBUG_INFO = NO;
				MTL_FAST_MATH = YES;
				SDKROOT = iphoneos;
				SWIFT_COMPILATION_MODE = wholemodule;
				SWIFT_OPTIMIZATION_LEVEL = "-O";
				VALIDATE_PRODUCT = YES;
			};
			name = Release;
		};
		DE59BCF2244142B900E12146 /* Debug */ = {
			isa = XCBuildConfiguration;
			buildSettings = {
				ASSETCATALOG_COMPILER_APPICON_NAME = AppIcon;
				CODE_SIGN_STYLE = Automatic;
				DEVELOPMENT_ASSET_PATHS = "\"Covid Spread World/Preview Content\"";
				DEVELOPMENT_TEAM = J2EB484G7Z;
				ENABLE_PREVIEWS = YES;
				INFOPLIST_FILE = "Covid Spread World/Info.plist";
				LD_RUNPATH_SEARCH_PATHS = (
					"$(inherited)",
					"@executable_path/Frameworks",
				);
				PRODUCT_BUNDLE_IDENTIFIER = "br.com.covid.Covid-Spread-World";
				PRODUCT_NAME = "$(TARGET_NAME)";
				SWIFT_VERSION = 5.0;
				TARGETED_DEVICE_FAMILY = "1,2";
			};
			name = Debug;
		};
		DE59BCF3244142B900E12146 /* Release */ = {
			isa = XCBuildConfiguration;
			buildSettings = {
				ASSETCATALOG_COMPILER_APPICON_NAME = AppIcon;
				CODE_SIGN_STYLE = Automatic;
				DEVELOPMENT_ASSET_PATHS = "\"Covid Spread World/Preview Content\"";
				DEVELOPMENT_TEAM = J2EB484G7Z;
				ENABLE_PREVIEWS = YES;
				INFOPLIST_FILE = "Covid Spread World/Info.plist";
				LD_RUNPATH_SEARCH_PATHS = (
					"$(inherited)",
					"@executable_path/Frameworks",
				);
				PRODUCT_BUNDLE_IDENTIFIER = "br.com.covid.Covid-Spread-World";
				PRODUCT_NAME = "$(TARGET_NAME)";
				SWIFT_VERSION = 5.0;
				TARGETED_DEVICE_FAMILY = "1,2";
			};
			name = Release;
		};
/* End XCBuildConfiguration section */

/* Begin XCConfigurationList section */
		DE59BCD8244142B800E12146 /* Build configuration list for PBXProject "Covid Spread World" */ = {
			isa = XCConfigurationList;
			buildConfigurations = (
				DE59BCEF244142B900E12146 /* Debug */,
				DE59BCF0244142B900E12146 /* Release */,
			);
			defaultConfigurationIsVisible = 0;
			defaultConfigurationName = Release;
		};
		DE59BCF1244142B900E12146 /* Build configuration list for PBXNativeTarget "Covid Spread World" */ = {
			isa = XCConfigurationList;
			buildConfigurations = (
				DE59BCF2244142B900E12146 /* Debug */,
				DE59BCF3244142B900E12146 /* Release */,
			);
			defaultConfigurationIsVisible = 0;
			defaultConfigurationName = Release;
		};
/* End XCConfigurationList section */
	};
	rootObject = DE59BCD5244142B800E12146 /* Project object */;
}
